// !$*UTF8*$!
{
	archiveVersion = 1;
	classes = {
	};
	objectVersion = 46;
	objects = {

/* Begin PBXBuildFile section */
		4C7664AA1E4C07CB00FA9DAB /* ResearchKit.framework in Frameworks */ = {isa = PBXBuildFile; fileRef = 4C7664A71E4C079800FA9DAB /* ResearchKit.framework */; };
		4C7664AB1E4C07CB00FA9DAB /* ResearchKit.framework in Embed Frameworks */ = {isa = PBXBuildFile; fileRef = 4C7664A71E4C079800FA9DAB /* ResearchKit.framework */; settings = {ATTRIBUTES = (CodeSignOnCopy, RemoveHeadersOnCopy, ); }; };
		FBAFE05F1E22D1CD0073C550 /* AppDelegate.swift in Sources */ = {isa = PBXBuildFile; fileRef = FBAFE05E1E22D1CD0073C550 /* AppDelegate.swift */; };
		FBAFE0611E22D1CD0073C550 /* SurveyViewController.swift in Sources */ = {isa = PBXBuildFile; fileRef = FBAFE0601E22D1CD0073C550 /* SurveyViewController.swift */; };
		FBAFE0641E22D1CD0073C550 /* Main.storyboard in Resources */ = {isa = PBXBuildFile; fileRef = FBAFE0621E22D1CD0073C550 /* Main.storyboard */; };
		FBAFE0671E22D1CD0073C550 /* VidSurvey.xcdatamodeld in Sources */ = {isa = PBXBuildFile; fileRef = FBAFE0651E22D1CD0073C550 /* VidSurvey.xcdatamodeld */; };
		FBAFE0691E22D1CD0073C550 /* Assets.xcassets in Resources */ = {isa = PBXBuildFile; fileRef = FBAFE0681E22D1CD0073C550 /* Assets.xcassets */; };
		FBAFE06C1E22D1CD0073C550 /* LaunchScreen.storyboard in Resources */ = {isa = PBXBuildFile; fileRef = FBAFE06A1E22D1CD0073C550 /* LaunchScreen.storyboard */; };
		FBDE61341E37CE2900DDEA16 /* EntryViewController.swift in Sources */ = {isa = PBXBuildFile; fileRef = FBDE61331E37CE2900DDEA16 /* EntryViewController.swift */; };
		FBDE61361E37F24E00DDEA16 /* DetailViewController.swift in Sources */ = {isa = PBXBuildFile; fileRef = FBDE61351E37F24E00DDEA16 /* DetailViewController.swift */; };
/* End PBXBuildFile section */

/* Begin PBXContainerItemProxy section */
		4C7664A61E4C079800FA9DAB /* PBXContainerItemProxy */ = {
			isa = PBXContainerItemProxy;
			containerPortal = 4C7664A01E4C079800FA9DAB /* ResearchKit.xcodeproj */;
			proxyType = 2;
			remoteGlobalIDString = B183A5951A8535D100C76870;
			remoteInfo = ResearchKit;
		};
		4C7664A81E4C079800FA9DAB /* PBXContainerItemProxy */ = {
			isa = PBXContainerItemProxy;
			containerPortal = 4C7664A01E4C079800FA9DAB /* ResearchKit.xcodeproj */;
			proxyType = 2;
			remoteGlobalIDString = 86CC8E9A1AC09332001CCD89;
			remoteInfo = ResearchKitTests;
		};
		4C7664AC1E4C07CB00FA9DAB /* PBXContainerItemProxy */ = {
			isa = PBXContainerItemProxy;
			containerPortal = 4C7664A01E4C079800FA9DAB /* ResearchKit.xcodeproj */;
			proxyType = 1;
			remoteGlobalIDString = B183A4731A8535D100C76870;
			remoteInfo = ResearchKit;
		};
/* End PBXContainerItemProxy section */

/* Begin PBXCopyFilesBuildPhase section */
		FBAFE0811E22D2600073C550 /* Embed Frameworks */ = {
			isa = PBXCopyFilesBuildPhase;
			buildActionMask = 2147483647;
			dstPath = "";
			dstSubfolderSpec = 10;
			files = (
				4C7664AB1E4C07CB00FA9DAB /* ResearchKit.framework in Embed Frameworks */,
			);
			name = "Embed Frameworks";
			runOnlyForDeploymentPostprocessing = 0;
		};
/* End PBXCopyFilesBuildPhase section */

/* Begin PBXFileReference section */
		4C7664A01E4C079800FA9DAB /* ResearchKit.xcodeproj */ = {isa = PBXFileReference; lastKnownFileType = "wrapper.pb-project"; name = ResearchKit.xcodeproj; path = "../ResearchKit-master/ResearchKit.xcodeproj"; sourceTree = "<group>"; };
		FBAFE05B1E22D1CD0073C550 /* VidSurvey.app */ = {isa = PBXFileReference; explicitFileType = wrapper.application; includeInIndex = 0; path = VidSurvey.app; sourceTree = BUILT_PRODUCTS_DIR; };
		FBAFE05E1E22D1CD0073C550 /* AppDelegate.swift */ = {isa = PBXFileReference; lastKnownFileType = sourcecode.swift; path = AppDelegate.swift; sourceTree = "<group>"; };
		FBAFE0601E22D1CD0073C550 /* SurveyViewController.swift */ = {isa = PBXFileReference; lastKnownFileType = sourcecode.swift; path = SurveyViewController.swift; sourceTree = "<group>"; };
		FBAFE0631E22D1CD0073C550 /* Base */ = {isa = PBXFileReference; lastKnownFileType = file.storyboard; name = Base; path = Base.lproj/Main.storyboard; sourceTree = "<group>"; };
		FBAFE0661E22D1CD0073C550 /* VidSurvey.xcdatamodel */ = {isa = PBXFileReference; lastKnownFileType = wrapper.xcdatamodel; path = VidSurvey.xcdatamodel; sourceTree = "<group>"; };
		FBAFE0681E22D1CD0073C550 /* Assets.xcassets */ = {isa = PBXFileReference; lastKnownFileType = folder.assetcatalog; path = Assets.xcassets; sourceTree = "<group>"; };
		FBAFE06B1E22D1CD0073C550 /* Base */ = {isa = PBXFileReference; lastKnownFileType = file.storyboard; name = Base; path = Base.lproj/LaunchScreen.storyboard; sourceTree = "<group>"; };
		FBAFE06D1E22D1CD0073C550 /* Info.plist */ = {isa = PBXFileReference; lastKnownFileType = text.plist.xml; path = Info.plist; sourceTree = "<group>"; };
		FBDE61331E37CE2900DDEA16 /* EntryViewController.swift */ = {isa = PBXFileReference; fileEncoding = 4; lastKnownFileType = sourcecode.swift; path = EntryViewController.swift; sourceTree = "<group>"; };
		FBDE61351E37F24E00DDEA16 /* DetailViewController.swift */ = {isa = PBXFileReference; fileEncoding = 4; lastKnownFileType = sourcecode.swift; path = DetailViewController.swift; sourceTree = "<group>"; };
/* End PBXFileReference section */

/* Begin PBXFrameworksBuildPhase section */
		FBAFE0581E22D1CC0073C550 /* Frameworks */ = {
			isa = PBXFrameworksBuildPhase;
			buildActionMask = 2147483647;
			files = (
				4C7664AA1E4C07CB00FA9DAB /* ResearchKit.framework in Frameworks */,
			);
			runOnlyForDeploymentPostprocessing = 0;
		};
/* End PBXFrameworksBuildPhase section */

/* Begin PBXGroup section */
		4C7664A11E4C079800FA9DAB /* Products */ = {
			isa = PBXGroup;
			children = (
				4C7664A71E4C079800FA9DAB /* ResearchKit.framework */,
				4C7664A91E4C079800FA9DAB /* ResearchKitTests.xctest */,
			);
			name = Products;
			sourceTree = "<group>";
		};
		FBAFE0521E22D1CC0073C550 = {
			isa = PBXGroup;
			children = (
				4C7664A01E4C079800FA9DAB /* ResearchKit.xcodeproj */,
				FBAFE05D1E22D1CD0073C550 /* VidSurvey */,
				FBAFE05C1E22D1CD0073C550 /* Products */,
			);
			sourceTree = "<group>";
		};
		FBAFE05C1E22D1CD0073C550 /* Products */ = {
			isa = PBXGroup;
			children = (
				FBAFE05B1E22D1CD0073C550 /* VidSurvey.app */,
			);
			name = Products;
			sourceTree = "<group>";
		};
		FBAFE05D1E22D1CD0073C550 /* VidSurvey */ = {
			isa = PBXGroup;
			children = (
				FBAFE05E1E22D1CD0073C550 /* AppDelegate.swift */,
				FBDE61351E37F24E00DDEA16 /* DetailViewController.swift */,
				FBDE61331E37CE2900DDEA16 /* EntryViewController.swift */,
				FBAFE0601E22D1CD0073C550 /* SurveyViewController.swift */,
				FBAFE0621E22D1CD0073C550 /* Main.storyboard */,
				FBAFE0681E22D1CD0073C550 /* Assets.xcassets */,
				FBAFE06A1E22D1CD0073C550 /* LaunchScreen.storyboard */,
				FBAFE06D1E22D1CD0073C550 /* Info.plist */,
				FBAFE0651E22D1CD0073C550 /* VidSurvey.xcdatamodeld */,
			);
			path = VidSurvey;
			sourceTree = "<group>";
		};
/* End PBXGroup section */

/* Begin PBXNativeTarget section */
		FBAFE05A1E22D1CC0073C550 /* VidSurvey */ = {
			isa = PBXNativeTarget;
			buildConfigurationList = FBAFE0701E22D1CD0073C550 /* Build configuration list for PBXNativeTarget "VidSurvey" */;
			buildPhases = (
				FBAFE0571E22D1CC0073C550 /* Sources */,
				FBAFE0581E22D1CC0073C550 /* Frameworks */,
				FBAFE0591E22D1CC0073C550 /* Resources */,
				FBAFE0811E22D2600073C550 /* Embed Frameworks */,
			);
			buildRules = (
			);
			dependencies = (
				4C7664AD1E4C07CB00FA9DAB /* PBXTargetDependency */,
			);
			name = VidSurvey;
			productName = VidSurvey;
			productReference = FBAFE05B1E22D1CD0073C550 /* VidSurvey.app */;
			productType = "com.apple.product-type.application";
		};
/* End PBXNativeTarget section */

/* Begin PBXProject section */
		FBAFE0531E22D1CC0073C550 /* Project object */ = {
			isa = PBXProject;
			attributes = {
				LastSwiftUpdateCheck = 0820;
				LastUpgradeCheck = 0820;
				ORGANIZATIONNAME = "Periard, Misty";
				TargetAttributes = {
					FBAFE05A1E22D1CC0073C550 = {
						CreatedOnToolsVersion = 8.2.1;
						DevelopmentTeam = 9X6R5976WQ;
						ProvisioningStyle = Automatic;
					};
				};
			};
			buildConfigurationList = FBAFE0561E22D1CC0073C550 /* Build configuration list for PBXProject "VidSurvey" */;
			compatibilityVersion = "Xcode 3.2";
			developmentRegion = English;
			hasScannedForEncodings = 0;
			knownRegions = (
				en,
				Base,
			);
			mainGroup = FBAFE0521E22D1CC0073C550;
			productRefGroup = FBAFE05C1E22D1CD0073C550 /* Products */;
			projectDirPath = "";
			projectReferences = (
				{
					ProductGroup = 4C7664A11E4C079800FA9DAB /* Products */;
					ProjectRef = 4C7664A01E4C079800FA9DAB /* ResearchKit.xcodeproj */;
				},
			);
			projectRoot = "";
			targets = (
				FBAFE05A1E22D1CC0073C550 /* VidSurvey */,
			);
		};
/* End PBXProject section */

/* Begin PBXReferenceProxy section */
		4C7664A71E4C079800FA9DAB /* ResearchKit.framework */ = {
			isa = PBXReferenceProxy;
			fileType = wrapper.framework;
			path = ResearchKit.framework;
			remoteRef = 4C7664A61E4C079800FA9DAB /* PBXContainerItemProxy */;
			sourceTree = BUILT_PRODUCTS_DIR;
		};
		4C7664A91E4C079800FA9DAB /* ResearchKitTests.xctest */ = {
			isa = PBXReferenceProxy;
			fileType = wrapper.cfbundle;
			path = ResearchKitTests.xctest;
			remoteRef = 4C7664A81E4C079800FA9DAB /* PBXContainerItemProxy */;
			sourceTree = BUILT_PRODUCTS_DIR;
		};
/* End PBXReferenceProxy section */

/* Begin PBXResourcesBuildPhase section */
		FBAFE0591E22D1CC0073C550 /* Resources */ = {
			isa = PBXResourcesBuildPhase;
			buildActionMask = 2147483647;
			files = (
				FBAFE06C1E22D1CD0073C550 /* LaunchScreen.storyboard in Resources */,
				FBAFE0691E22D1CD0073C550 /* Assets.xcassets in Resources */,
				FBAFE0641E22D1CD0073C550 /* Main.storyboard in Resources */,
			);
			runOnlyForDeploymentPostprocessing = 0;
		};
/* End PBXResourcesBuildPhase section */

/* Begin PBXSourcesBuildPhase section */
		FBAFE0571E22D1CC0073C550 /* Sources */ = {
			isa = PBXSourcesBuildPhase;
			buildActionMask = 2147483647;
			files = (
				FBAFE0611E22D1CD0073C550 /* SurveyViewController.swift in Sources */,
				FBDE61341E37CE2900DDEA16 /* EntryViewController.swift in Sources */,
				FBDE61361E37F24E00DDEA16 /* DetailViewController.swift in Sources */,
				FBAFE05F1E22D1CD0073C550 /* AppDelegate.swift in Sources */,
				FBAFE0671E22D1CD0073C550 /* VidSurvey.xcdatamodeld in Sources */,
			);
			runOnlyForDeploymentPostprocessing = 0;
		};
/* End PBXSourcesBuildPhase section */

/* Begin PBXTargetDependency section */
		4C7664AD1E4C07CB00FA9DAB /* PBXTargetDependency */ = {
			isa = PBXTargetDependency;
			name = ResearchKit;
			targetProxy = 4C7664AC1E4C07CB00FA9DAB /* PBXContainerItemProxy */;
		};
/* End PBXTargetDependency section */

/* Begin PBXVariantGroup section */
		FBAFE0621E22D1CD0073C550 /* Main.storyboard */ = {
			isa = PBXVariantGroup;
			children = (
				FBAFE0631E22D1CD0073C550 /* Base */,
			);
			name = Main.storyboard;
			sourceTree = "<group>";
		};
		FBAFE06A1E22D1CD0073C550 /* LaunchScreen.storyboard */ = {
			isa = PBXVariantGroup;
			children = (
				FBAFE06B1E22D1CD0073C550 /* Base */,
			);
			name = LaunchScreen.storyboard;
			sourceTree = "<group>";
		};
/* End PBXVariantGroup section */

/* Begin XCBuildConfiguration section */
		FBAFE06E1E22D1CD0073C550 /* Debug */ = {
			isa = XCBuildConfiguration;
			buildSettings = {
				ALWAYS_SEARCH_USER_PATHS = NO;
				CLANG_ANALYZER_NONNULL = YES;
				CLANG_CXX_LANGUAGE_STANDARD = "gnu++0x";
				CLANG_CXX_LIBRARY = "libc++";
				CLANG_ENABLE_MODULES = YES;
				CLANG_ENABLE_OBJC_ARC = YES;
				CLANG_WARN_BOOL_CONVERSION = YES;
				CLANG_WARN_CONSTANT_CONVERSION = YES;
				CLANG_WARN_DIRECT_OBJC_ISA_USAGE = YES_ERROR;
				CLANG_WARN_DOCUMENTATION_COMMENTS = YES;
				CLANG_WARN_EMPTY_BODY = YES;
				CLANG_WARN_ENUM_CONVERSION = YES;
				CLANG_WARN_INFINITE_RECURSION = YES;
				CLANG_WARN_INT_CONVERSION = YES;
				CLANG_WARN_OBJC_ROOT_CLASS = YES_ERROR;
				CLANG_WARN_SUSPICIOUS_MOVE = YES;
				CLANG_WARN_UNREACHABLE_CODE = YES;
				CLANG_WARN__DUPLICATE_METHOD_MATCH = YES;
				"CODE_SIGN_IDENTITY[sdk=iphoneos*]" = "iPhone Developer";
				COPY_PHASE_STRIP = NO;
				DEBUG_INFORMATION_FORMAT = dwarf;
				ENABLE_STRICT_OBJC_MSGSEND = YES;
				ENABLE_TESTABILITY = YES;
				GCC_C_LANGUAGE_STANDARD = gnu99;
				GCC_DYNAMIC_NO_PIC = NO;
				GCC_NO_COMMON_BLOCKS = YES;
				GCC_OPTIMIZATION_LEVEL = 0;
				GCC_PREPROCESSOR_DEFINITIONS = (
					"DEBUG=1",
					"$(inherited)",
				);
				GCC_WARN_64_TO_32_BIT_CONVERSION = YES;
				GCC_WARN_ABOUT_RETURN_TYPE = YES_ERROR;
				GCC_WARN_UNDECLARED_SELECTOR = YES;
				GCC_WARN_UNINITIALIZED_AUTOS = YES_AGGRESSIVE;
				GCC_WARN_UNUSED_FUNCTION = YES;
				GCC_WARN_UNUSED_VARIABLE = YES;
				IPHONEOS_DEPLOYMENT_TARGET = 10.2;
				MTL_ENABLE_DEBUG_INFO = YES;
				ONLY_ACTIVE_ARCH = YES;
				SDKROOT = iphoneos;
				SWIFT_ACTIVE_COMPILATION_CONDITIONS = DEBUG;
				SWIFT_OPTIMIZATION_LEVEL = "-Onone";
				TARGETED_DEVICE_FAMILY = "1,2";
			};
			name = Debug;
		};
		FBAFE06F1E22D1CD0073C550 /* Release */ = {
			isa = XCBuildConfiguration;
			buildSettings = {
				ALWAYS_SEARCH_USER_PATHS = NO;
				CLANG_ANALYZER_NONNULL = YES;
				CLANG_CXX_LANGUAGE_STANDARD = "gnu++0x";
				CLANG_CXX_LIBRARY = "libc++";
				CLANG_ENABLE_MODULES = YES;
				CLANG_ENABLE_OBJC_ARC = YES;
				CLANG_WARN_BOOL_CONVERSION = YES;
				CLANG_WARN_CONSTANT_CONVERSION = YES;
				CLANG_WARN_DIRECT_OBJC_ISA_USAGE = YES_ERROR;
				CLANG_WARN_DOCUMENTATION_COMMENTS = YES;
				CLANG_WARN_EMPTY_BODY = YES;
				CLANG_WARN_ENUM_CONVERSION = YES;
				CLANG_WARN_INFINITE_RECURSION = YES;
				CLANG_WARN_INT_CONVERSION = YES;
				CLANG_WARN_OBJC_ROOT_CLASS = YES_ERROR;
				CLANG_WARN_SUSPICIOUS_MOVE = YES;
				CLANG_WARN_UNREACHABLE_CODE = YES;
				CLANG_WARN__DUPLICATE_METHOD_MATCH = YES;
				"CODE_SIGN_IDENTITY[sdk=iphoneos*]" = "iPhone Developer";
				COPY_PHASE_STRIP = NO;
				DEBUG_INFORMATION_FORMAT = "dwarf-with-dsym";
				ENABLE_NS_ASSERTIONS = NO;
				ENABLE_STRICT_OBJC_MSGSEND = YES;
				GCC_C_LANGUAGE_STANDARD = gnu99;
				GCC_NO_COMMON_BLOCKS = YES;
				GCC_WARN_64_TO_32_BIT_CONVERSION = YES;
				GCC_WARN_ABOUT_RETURN_TYPE = YES_ERROR;
				GCC_WARN_UNDECLARED_SELECTOR = YES;
				GCC_WARN_UNINITIALIZED_AUTOS = YES_AGGRESSIVE;
				GCC_WARN_UNUSED_FUNCTION = YES;
				GCC_WARN_UNUSED_VARIABLE = YES;
				IPHONEOS_DEPLOYMENT_TARGET = 10.2;
				MTL_ENABLE_DEBUG_INFO = NO;
				SDKROOT = iphoneos;
				SWIFT_OPTIMIZATION_LEVEL = "-Owholemodule";
				TARGETED_DEVICE_FAMILY = "1,2";
				VALIDATE_PRODUCT = YES;
			};
			name = Release;
		};
		FBAFE0711E22D1CD0073C550 /* Debug */ = {
			isa = XCBuildConfiguration;
			buildSettings = {
				ALWAYS_EMBED_SWIFT_STANDARD_LIBRARIES = YES;
				ASSETCATALOG_COMPILER_APPICON_NAME = AppIcon;
				"CODE_SIGN_IDENTITY[sdk=iphoneos*]" = "iPhone Developer";
				DEVELOPMENT_TEAM = 9X6R5976WQ;
				INFOPLIST_FILE = VidSurvey/Info.plist;
				IPHONEOS_DEPLOYMENT_TARGET = 10.2;
				LD_RUNPATH_SEARCH_PATHS = "$(inherited) @executable_path/Frameworks";
				PRODUCT_BUNDLE_IDENTIFIER = net.unknowunknown;
				PRODUCT_NAME = "$(TARGET_NAME)";
				SWIFT_VERSION = 3.0;
			};
			name = Debug;
		};
		FBAFE0721E22D1CD0073C550 /* Release */ = {
			isa = XCBuildConfiguration;
			buildSettings = {
				ALWAYS_EMBED_SWIFT_STANDARD_LIBRARIES = YES;
				ASSETCATALOG_COMPILER_APPICON_NAME = AppIcon;
				"CODE_SIGN_IDENTITY[sdk=iphoneos*]" = "iPhone Developer";
				DEVELOPMENT_TEAM = 9X6R5976WQ;
				INFOPLIST_FILE = VidSurvey/Info.plist;
				IPHONEOS_DEPLOYMENT_TARGET = 10.2;
				LD_RUNPATH_SEARCH_PATHS = "$(inherited) @executable_path/Frameworks";
				PRODUCT_BUNDLE_IDENTIFIER = net.unknowunknown;
				PRODUCT_NAME = "$(TARGET_NAME)";
				SWIFT_VERSION = 3.0;
			};
			name = Release;
		};
/* End XCBuildConfiguration section */

/* Begin XCConfigurationList section */
		FBAFE0561E22D1CC0073C550 /* Build configuration list for PBXProject "VidSurvey" */ = {
			isa = XCConfigurationList;
			buildConfigurations = (
				FBAFE06E1E22D1CD0073C550 /* Debug */,
				FBAFE06F1E22D1CD0073C550 /* Release */,
			);
			defaultConfigurationIsVisible = 0;
			defaultConfigurationName = Release;
		};
		FBAFE0701E22D1CD0073C550 /* Build configuration list for PBXNativeTarget "VidSurvey" */ = {
			isa = XCConfigurationList;
			buildConfigurations = (
				FBAFE0711E22D1CD0073C550 /* Debug */,
				FBAFE0721E22D1CD0073C550 /* Release */,
			);
			defaultConfigurationIsVisible = 0;
			defaultConfigurationName = Release;
		};
/* End XCConfigurationList section */

/* Begin XCVersionGroup section */
		FBAFE0651E22D1CD0073C550 /* VidSurvey.xcdatamodeld */ = {
			isa = XCVersionGroup;
			children = (
				FBAFE0661E22D1CD0073C550 /* VidSurvey.xcdatamodel */,
			);
			currentVersion = FBAFE0661E22D1CD0073C550 /* VidSurvey.xcdatamodel */;
			path = VidSurvey.xcdatamodeld;
			sourceTree = "<group>";
			versionGroupType = wrapper.xcdatamodel;
		};
/* End XCVersionGroup section */
	};
	rootObject = FBAFE0531E22D1CC0073C550 /* Project object */;
}
